// !$*UTF8*$!
{
	archiveVersion = 1;
	classes = {
	};
	objectVersion = 77;
	objects = {

/* Begin PBXBuildFile section */
		487A91FA2F0076030095BDA6 /* MagicMountBackground.app in Embed Login */ = {isa = PBXBuildFile; fileRef = 487A91D92F006F260095BDA6 /* MagicMountBackground.app */; settings = {ATTRIBUTES = (RemoveHeadersOnCopy, ); }; };
		488F8C022F1EC111004E8664 /* libMounter in Frameworks */ = {isa = PBXBuildFile; productRef = 488F8C012F1EC111004E8664 /* libMounter */; };
		488F8C042F1EC118004E8664 /* libMounter in Frameworks */ = {isa = PBXBuildFile; productRef = 488F8C032F1EC118004E8664 /* libMounter */; };
		48D81D152F0558070046103D /* Foundation.framework in Frameworks */ = {isa = PBXBuildFile; fileRef = 48D81D142F0558070046103D /* Foundation.framework */; };
/* End PBXBuildFile section */

/* Begin PBXContainerItemProxy section */
		480BDC042F3DEBF600147963 /* PBXContainerItemProxy */ = {
			isa = PBXContainerItemProxy;
			containerPortal = 482995E82EFC63CF003AB633 /* Project object */;
			proxyType = 1;
			remoteGlobalIDString = 487A91D82F006F260095BDA6;
			remoteInfo = MagicMountBackground;
		};
		482995FE2EFC63D0003AB633 /* PBXContainerItemProxy */ = {
			isa = PBXContainerItemProxy;
			containerPortal = 482995E82EFC63CF003AB633 /* Project object */;
			proxyType = 1;
			remoteGlobalIDString = 482995EF2EFC63CF003AB633;
			remoteInfo = MagicMount;
		};
		482996082EFC63D0003AB633 /* PBXContainerItemProxy */ = {
			isa = PBXContainerItemProxy;
			containerPortal = 482995E82EFC63CF003AB633 /* Project object */;
			proxyType = 1;
			remoteGlobalIDString = 482995EF2EFC63CF003AB633;
			remoteInfo = MagicMount;
		};
		487A91F02F0075760095BDA6 /* PBXContainerItemProxy */ = {
			isa = PBXContainerItemProxy;
			containerPortal = 482995E82EFC63CF003AB633 /* Project object */;
			proxyType = 1;
			remoteGlobalIDString = 487A91D82F006F260095BDA6;
			remoteInfo = MagicMountBackground;
		};
		487A91F22F0075980095BDA6 /* PBXContainerItemProxy */ = {
			isa = PBXContainerItemProxy;
			containerPortal = 482995E82EFC63CF003AB633 /* Project object */;
			proxyType = 1;
			remoteGlobalIDString = 487A91D82F006F260095BDA6;
			remoteInfo = MagicMountBackground;
		};
		48D81D0F2F0551410046103D /* PBXContainerItemProxy */ = {
			isa = PBXContainerItemProxy;
			containerPortal = 482995E82EFC63CF003AB633 /* Project object */;
			proxyType = 1;
			remoteGlobalIDString = 487A91D82F006F260095BDA6;
			remoteInfo = MagicMountBackground;
		};
/* End PBXContainerItemProxy section */

/* Begin PBXCopyFilesBuildPhase section */
		487A91F42F0075A20095BDA6 /* Embed Login */ = {
			isa = PBXCopyFilesBuildPhase;
			buildActionMask = 2147483647;
			dstPath = Contents/Library/LoginItems;
			dstSubfolderSpec = 1;
			files = (
				487A91FA2F0076030095BDA6 /* MagicMountBackground.app in Embed Login */,
			);
			name = "Embed Login";
			runOnlyForDeploymentPostprocessing = 0;
		};
/* End PBXCopyFilesBuildPhase section */

/* Begin PBXFileReference section */
		480BDC002F3DEBF600147963 /* MagicMountBackgroundTests.xctest */ = {isa = PBXFileReference; explicitFileType = wrapper.cfbundle; includeInIndex = 0; path = MagicMountBackgroundTests.xctest; sourceTree = BUILT_PRODUCTS_DIR; };
		482995F02EFC63CF003AB633 /* MagicMount.app */ = {isa = PBXFileReference; explicitFileType = wrapper.application; includeInIndex = 0; path = MagicMount.app; sourceTree = BUILT_PRODUCTS_DIR; };
		482995FD2EFC63D0003AB633 /* MagicMountTests.xctest */ = {isa = PBXFileReference; explicitFileType = wrapper.cfbundle; includeInIndex = 0; path = MagicMountTests.xctest; sourceTree = BUILT_PRODUCTS_DIR; };
		482996072EFC63D0003AB633 /* MagicMountUITests.xctest */ = {isa = PBXFileReference; explicitFileType = wrapper.cfbundle; includeInIndex = 0; path = MagicMountUITests.xctest; sourceTree = BUILT_PRODUCTS_DIR; };
		487A91D92F006F260095BDA6 /* MagicMountBackground.app */ = {isa = PBXFileReference; explicitFileType = wrapper.application; includeInIndex = 0; path = MagicMountBackground.app; sourceTree = BUILT_PRODUCTS_DIR; };
		48D81D142F0558070046103D /* Foundation.framework */ = {isa = PBXFileReference; lastKnownFileType = wrapper.framework; name = Foundation.framework; path = System/Library/Frameworks/Foundation.framework; sourceTree = SDKROOT; };
/* End PBXFileReference section */

/* Begin PBXFileSystemSynchronizedBuildFileExceptionSet section */
		487A921E2F01AF100095BDA6 /* Exceptions for "Common" folder in "MagicMountBackground" target */ = {
			isa = PBXFileSystemSynchronizedBuildFileExceptionSet;
			membershipExceptions = (
				Common.swift,
				Constants.swift,
				Logger.swift,
				ShareDataModel.swift,
				ShareExtensions.swift,
			);
			target = 487A91D82F006F260095BDA6 /* MagicMountBackground */;
		};
		488F8C982F2691EA004E8664 /* Exceptions for "MagicMount" folder in "MagicMountBackground" target */ = {
			isa = PBXFileSystemSynchronizedBuildFileExceptionSet;
			membershipExceptions = (
				"Preview Content/MockStorage.swift",
				"Preview Content/PreviewContent.swift",
			);
			target = 487A91D82F006F260095BDA6 /* MagicMountBackground */;
		};
/* End PBXFileSystemSynchronizedBuildFileExceptionSet section */

/* Begin PBXFileSystemSynchronizedRootGroup section */
		480BDC012F3DEBF600147963 /* MagicMountBackgroundTests */ = {
			isa = PBXFileSystemSynchronizedRootGroup;
			path = MagicMountBackgroundTests;
			sourceTree = "<group>";
		};
		482995F22EFC63CF003AB633 /* MagicMount */ = {
			isa = PBXFileSystemSynchronizedRootGroup;
			exceptions = (
				488F8C982F2691EA004E8664 /* Exceptions for "MagicMount" folder in "MagicMountBackground" target */,
			);
			path = MagicMount;
			sourceTree = "<group>";
		};
		482996002EFC63D0003AB633 /* MagicMountTests */ = {
			isa = PBXFileSystemSynchronizedRootGroup;
			path = MagicMountTests;
			sourceTree = "<group>";
		};
		4829960A2EFC63D0003AB633 /* MagicMountUITests */ = {
			isa = PBXFileSystemSynchronizedRootGroup;
			path = MagicMountUITests;
			sourceTree = "<group>";
		};
		487A91DA2F006F260095BDA6 /* MagicMountBackground */ = {
			isa = PBXFileSystemSynchronizedRootGroup;
			path = MagicMountBackground;
			sourceTree = "<group>";
		};
		487A921D2F01AEF00095BDA6 /* Common */ = {
			isa = PBXFileSystemSynchronizedRootGroup;
			exceptions = (
				487A921E2F01AF100095BDA6 /* Exceptions for "Common" folder in "MagicMountBackground" target */,
			);
			path = Common;
			sourceTree = "<group>";
		};
/* End PBXFileSystemSynchronizedRootGroup section */

/* Begin PBXFrameworksBuildPhase section */
		480BDBFD2F3DEBF600147963 /* Frameworks */ = {
			isa = PBXFrameworksBuildPhase;
			buildActionMask = 2147483647;
			files = (
			);
			runOnlyForDeploymentPostprocessing = 0;
		};
		482995ED2EFC63CF003AB633 /* Frameworks */ = {
			isa = PBXFrameworksBuildPhase;
			buildActionMask = 2147483647;
			files = (
				488F8C042F1EC118004E8664 /* libMounter in Frameworks */,
			);
			runOnlyForDeploymentPostprocessing = 0;
		};
		482995FA2EFC63D0003AB633 /* Frameworks */ = {
			isa = PBXFrameworksBuildPhase;
			buildActionMask = 2147483647;
			files = (
			);
			runOnlyForDeploymentPostprocessing = 0;
		};
		482996042EFC63D0003AB633 /* Frameworks */ = {
			isa = PBXFrameworksBuildPhase;
			buildActionMask = 2147483647;
			files = (
			);
			runOnlyForDeploymentPostprocessing = 0;
		};
		487A91D62F006F260095BDA6 /* Frameworks */ = {
			isa = PBXFrameworksBuildPhase;
			buildActionMask = 2147483647;
			files = (
				48D81D152F0558070046103D /* Foundation.framework in Frameworks */,
				488F8C022F1EC111004E8664 /* libMounter in Frameworks */,
			);
			runOnlyForDeploymentPostprocessing = 0;
		};
/* End PBXFrameworksBuildPhase section */

/* Begin PBXGroup section */
		482995E72EFC63CF003AB633 = {
			isa = PBXGroup;
			children = (
				487A921D2F01AEF00095BDA6 /* Common */,
				482995F22EFC63CF003AB633 /* MagicMount */,
				482996002EFC63D0003AB633 /* MagicMountTests */,
				4829960A2EFC63D0003AB633 /* MagicMountUITests */,
				487A91DA2F006F260095BDA6 /* MagicMountBackground */,
				480BDC012F3DEBF600147963 /* MagicMountBackgroundTests */,
				487A91EE2F0075760095BDA6 /* Frameworks */,
				482995F12EFC63CF003AB633 /* Products */,
			);
			sourceTree = "<group>";
		};
		482995F12EFC63CF003AB633 /* Products */ = {
			isa = PBXGroup;
			children = (
				482995F02EFC63CF003AB633 /* MagicMount.app */,
				482995FD2EFC63D0003AB633 /* MagicMountTests.xctest */,
				482996072EFC63D0003AB633 /* MagicMountUITests.xctest */,
				487A91D92F006F260095BDA6 /* MagicMountBackground.app */,
				480BDC002F3DEBF600147963 /* MagicMountBackgroundTests.xctest */,
			);
			name = Products;
			sourceTree = "<group>";
		};
		487A91EE2F0075760095BDA6 /* Frameworks */ = {
			isa = PBXGroup;
			children = (
				48D81D142F0558070046103D /* Foundation.framework */,
			);
			name = Frameworks;
			sourceTree = "<group>";
		};
/* End PBXGroup section */

/* Begin PBXNativeTarget section */
		480BDBFF2F3DEBF600147963 /* MagicMountBackgroundTests */ = {
			isa = PBXNativeTarget;
			buildConfigurationList = 480BDC062F3DEBF600147963 /* Build configuration list for PBXNativeTarget "MagicMountBackgroundTests" */;
			buildPhases = (
				480BDBFC2F3DEBF600147963 /* Sources */,
				480BDBFD2F3DEBF600147963 /* Frameworks */,
				480BDBFE2F3DEBF600147963 /* Resources */,
			);
			buildRules = (
			);
			dependencies = (
				480BDC052F3DEBF600147963 /* PBXTargetDependency */,
			);
			fileSystemSynchronizedGroups = (
				480BDC012F3DEBF600147963 /* MagicMountBackgroundTests */,
			);
			name = MagicMountBackgroundTests;
			packageProductDependencies = (
			);
			productName = MagicMountBackgroundTests;
			productReference = 480BDC002F3DEBF600147963 /* MagicMountBackgroundTests.xctest */;
			productType = "com.apple.product-type.bundle.unit-test";
		};
		482995EF2EFC63CF003AB633 /* MagicMount */ = {
			isa = PBXNativeTarget;
			buildConfigurationList = 482996112EFC63D0003AB633 /* Build configuration list for PBXNativeTarget "MagicMount" */;
			buildPhases = (
				482995EC2EFC63CF003AB633 /* Sources */,
				482995ED2EFC63CF003AB633 /* Frameworks */,
				482995EE2EFC63CF003AB633 /* Resources */,
				487A91F42F0075A20095BDA6 /* Embed Login */,
			);
			buildRules = (
			);
			dependencies = (
				487A91F12F0075760095BDA6 /* PBXTargetDependency */,
				487A91F32F0075980095BDA6 /* PBXTargetDependency */,
			);
			fileSystemSynchronizedGroups = (
				482995F22EFC63CF003AB633 /* MagicMount */,
				487A921D2F01AEF00095BDA6 /* Common */,
			);
			name = MagicMount;
			packageProductDependencies = (
				488F8C032F1EC118004E8664 /* libMounter */,
			);
			productName = MagicMount;
			productReference = 482995F02EFC63CF003AB633 /* MagicMount.app */;
			productType = "com.apple.product-type.application";
		};
		482995FC2EFC63D0003AB633 /* MagicMountTests */ = {
			isa = PBXNativeTarget;
			buildConfigurationList = 482996142EFC63D0003AB633 /* Build configuration list for PBXNativeTarget "MagicMountTests" */;
			buildPhases = (
				482995F92EFC63D0003AB633 /* Sources */,
				482995FA2EFC63D0003AB633 /* Frameworks */,
				482995FB2EFC63D0003AB633 /* Resources */,
			);
			buildRules = (
			);
			dependencies = (
				482995FF2EFC63D0003AB633 /* PBXTargetDependency */,
				48D81D102F0551410046103D /* PBXTargetDependency */,
			);
			fileSystemSynchronizedGroups = (
				482996002EFC63D0003AB633 /* MagicMountTests */,
			);
			name = MagicMountTests;
			packageProductDependencies = (
			);
			productName = MagicMountTests;
			productReference = 482995FD2EFC63D0003AB633 /* MagicMountTests.xctest */;
			productType = "com.apple.product-type.bundle.unit-test";
		};
		482996062EFC63D0003AB633 /* MagicMountUITests */ = {
			isa = PBXNativeTarget;
			buildConfigurationList = 482996172EFC63D0003AB633 /* Build configuration list for PBXNativeTarget "MagicMountUITests" */;
			buildPhases = (
				482996032EFC63D0003AB633 /* Sources */,
				482996042EFC63D0003AB633 /* Frameworks */,
				482996052EFC63D0003AB633 /* Resources */,
			);
			buildRules = (
			);
			dependencies = (
				482996092EFC63D0003AB633 /* PBXTargetDependency */,
			);
			fileSystemSynchronizedGroups = (
				4829960A2EFC63D0003AB633 /* MagicMountUITests */,
			);
			name = MagicMountUITests;
			packageProductDependencies = (
			);
			productName = MagicMountUITests;
			productReference = 482996072EFC63D0003AB633 /* MagicMountUITests.xctest */;
			productType = "com.apple.product-type.bundle.ui-testing";
		};
		487A91D82F006F260095BDA6 /* MagicMountBackground */ = {
			isa = PBXNativeTarget;
			buildConfigurationList = 487A91E32F006F270095BDA6 /* Build configuration list for PBXNativeTarget "MagicMountBackground" */;
			buildPhases = (
				487A91D52F006F260095BDA6 /* Sources */,
				487A91D62F006F260095BDA6 /* Frameworks */,
				487A91D72F006F260095BDA6 /* Resources */,
			);
			buildRules = (
			);
			dependencies = (
			);
			fileSystemSynchronizedGroups = (
				487A91DA2F006F260095BDA6 /* MagicMountBackground */,
			);
			name = MagicMountBackground;
			packageProductDependencies = (
				488F8C012F1EC111004E8664 /* libMounter */,
			);
			productName = MagicMountBackground;
			productReference = 487A91D92F006F260095BDA6 /* MagicMountBackground.app */;
			productType = "com.apple.product-type.application";
		};
/* End PBXNativeTarget section */

/* Begin PBXProject section */
		482995E82EFC63CF003AB633 /* Project object */ = {
			isa = PBXProject;
			attributes = {
				BuildIndependentTargetsInParallel = 1;
				LastSwiftUpdateCheck = 2620;
				LastUpgradeCheck = 2620;
				TargetAttributes = {
					480BDBFF2F3DEBF600147963 = {
						CreatedOnToolsVersion = 26.2;
						TestTargetID = 487A91D82F006F260095BDA6;
					};
					482995EF2EFC63CF003AB633 = {
						CreatedOnToolsVersion = 26.2;
					};
					482995FC2EFC63D0003AB633 = {
						CreatedOnToolsVersion = 26.2;
						TestTargetID = 482995EF2EFC63CF003AB633;
					};
					482996062EFC63D0003AB633 = {
						CreatedOnToolsVersion = 26.2;
						TestTargetID = 482995EF2EFC63CF003AB633;
					};
					487A91D82F006F260095BDA6 = {
						CreatedOnToolsVersion = 26.2;
					};
				};
			};
			buildConfigurationList = 482995EB2EFC63CF003AB633 /* Build configuration list for PBXProject "MagicMount" */;
			developmentRegion = en;
			hasScannedForEncodings = 0;
			knownRegions = (
				en,
				Base,
			);
			mainGroup = 482995E72EFC63CF003AB633;
			minimizedProjectReferenceProxies = 1;
			packageReferences = (
				488F8BFE2F1EC0B9004E8664 /* XCLocalSwiftPackageReference "../Mounter" */,
			);
			preferredProjectObjectVersion = 77;
			productRefGroup = 482995F12EFC63CF003AB633 /* Products */;
			projectDirPath = "";
			projectRoot = "";
			targets = (
				482995EF2EFC63CF003AB633 /* MagicMount */,
				482995FC2EFC63D0003AB633 /* MagicMountTests */,
				482996062EFC63D0003AB633 /* MagicMountUITests */,
				487A91D82F006F260095BDA6 /* MagicMountBackground */,
				480BDBFF2F3DEBF600147963 /* MagicMountBackgroundTests */,
			);
		};
/* End PBXProject section */

/* Begin PBXResourcesBuildPhase section */
		480BDBFE2F3DEBF600147963 /* Resources */ = {
			isa = PBXResourcesBuildPhase;
			buildActionMask = 2147483647;
			files = (
			);
			runOnlyForDeploymentPostprocessing = 0;
		};
		482995EE2EFC63CF003AB633 /* Resources */ = {
			isa = PBXResourcesBuildPhase;
			buildActionMask = 2147483647;
			files = (
			);
			runOnlyForDeploymentPostprocessing = 0;
		};
		482995FB2EFC63D0003AB633 /* Resources */ = {
			isa = PBXResourcesBuildPhase;
			buildActionMask = 2147483647;
			files = (
			);
			runOnlyForDeploymentPostprocessing = 0;
		};
		482996052EFC63D0003AB633 /* Resources */ = {
			isa = PBXResourcesBuildPhase;
			buildActionMask = 2147483647;
			files = (
			);
			runOnlyForDeploymentPostprocessing = 0;
		};
		487A91D72F006F260095BDA6 /* Resources */ = {
			isa = PBXResourcesBuildPhase;
			buildActionMask = 2147483647;
			files = (
			);
			runOnlyForDeploymentPostprocessing = 0;
		};
/* End PBXResourcesBuildPhase section */

/* Begin PBXSourcesBuildPhase section */
		480BDBFC2F3DEBF600147963 /* Sources */ = {
			isa = PBXSourcesBuildPhase;
			buildActionMask = 2147483647;
			files = (
			);
			runOnlyForDeploymentPostprocessing = 0;
		};
		482995EC2EFC63CF003AB633 /* Sources */ = {
			isa = PBXSourcesBuildPhase;
			buildActionMask = 2147483647;
			files = (
			);
			runOnlyForDeploymentPostprocessing = 0;
		};
		482995F92EFC63D0003AB633 /* Sources */ = {
			isa = PBXSourcesBuildPhase;
			buildActionMask = 2147483647;
			files = (
			);
			runOnlyForDeploymentPostprocessing = 0;
		};
		482996032EFC63D0003AB633 /* Sources */ = {
			isa = PBXSourcesBuildPhase;
			buildActionMask = 2147483647;
			files = (
			);
			runOnlyForDeploymentPostprocessing = 0;
		};
		487A91D52F006F260095BDA6 /* Sources */ = {
			isa = PBXSourcesBuildPhase;
			buildActionMask = 2147483647;
			files = (
			);
			runOnlyForDeploymentPostprocessing = 0;
		};
/* End PBXSourcesBuildPhase section */

/* Begin PBXTargetDependency section */
		480BDC052F3DEBF600147963 /* PBXTargetDependency */ = {
			isa = PBXTargetDependency;
			target = 487A91D82F006F260095BDA6 /* MagicMountBackground */;
			targetProxy = 480BDC042F3DEBF600147963 /* PBXContainerItemProxy */;
		};
		482995FF2EFC63D0003AB633 /* PBXTargetDependency */ = {
			isa = PBXTargetDependency;
			target = 482995EF2EFC63CF003AB633 /* MagicMount */;
			targetProxy = 482995FE2EFC63D0003AB633 /* PBXContainerItemProxy */;
		};
		482996092EFC63D0003AB633 /* PBXTargetDependency */ = {
			isa = PBXTargetDependency;
			target = 482995EF2EFC63CF003AB633 /* MagicMount */;
			targetProxy = 482996082EFC63D0003AB633 /* PBXContainerItemProxy */;
		};
		487A91F12F0075760095BDA6 /* PBXTargetDependency */ = {
			isa = PBXTargetDependency;
			target = 487A91D82F006F260095BDA6 /* MagicMountBackground */;
			targetProxy = 487A91F02F0075760095BDA6 /* PBXContainerItemProxy */;
		};
		487A91F32F0075980095BDA6 /* PBXTargetDependency */ = {
			isa = PBXTargetDependency;
			target = 487A91D82F006F260095BDA6 /* MagicMountBackground */;
			targetProxy = 487A91F22F0075980095BDA6 /* PBXContainerItemProxy */;
		};
		48D81D102F0551410046103D /* PBXTargetDependency */ = {
			isa = PBXTargetDependency;
			target = 487A91D82F006F260095BDA6 /* MagicMountBackground */;
			targetProxy = 48D81D0F2F0551410046103D /* PBXContainerItemProxy */;
		};
/* End PBXTargetDependency section */

/* Begin XCBuildConfiguration section */
		480BDC072F3DEBF600147963 /* Debug */ = {
			isa = XCBuildConfiguration;
			buildSettings = {
				BUNDLE_LOADER = "$(TEST_HOST)";
				CODE_SIGN_STYLE = Automatic;
				CURRENT_PROJECT_VERSION = 1;
				DEVELOPMENT_TEAM = N2Z455V6H8;
				GENERATE_INFOPLIST_FILE = YES;
				MARKETING_VERSION = 1.0;
				PRODUCT_BUNDLE_IDENTIFIER = org.tassinari.MagicMountBackgroundTests;
				PRODUCT_NAME = "$(TARGET_NAME)";
				STRING_CATALOG_GENERATE_SYMBOLS = NO;
				SWIFT_APPROACHABLE_CONCURRENCY = YES;
				SWIFT_EMIT_LOC_STRINGS = NO;
				SWIFT_UPCOMING_FEATURE_MEMBER_IMPORT_VISIBILITY = YES;
				SWIFT_VERSION = 5.0;
				TEST_HOST = "$(BUILT_PRODUCTS_DIR)/MagicMountBackground.app/$(BUNDLE_EXECUTABLE_FOLDER_PATH)/MagicMountBackground";
			};
			name = Debug;
		};
		480BDC082F3DEBF600147963 /* Release */ = {
			isa = XCBuildConfiguration;
			buildSettings = {
				BUNDLE_LOADER = "$(TEST_HOST)";
				CODE_SIGN_STYLE = Automatic;
				CURRENT_PROJECT_VERSION = 1;
				DEVELOPMENT_TEAM = N2Z455V6H8;
				GENERATE_INFOPLIST_FILE = YES;
				MARKETING_VERSION = 1.0;
				PRODUCT_BUNDLE_IDENTIFIER = org.tassinari.MagicMountBackgroundTests;
				PRODUCT_NAME = "$(TARGET_NAME)";
				STRING_CATALOG_GENERATE_SYMBOLS = NO;
				SWIFT_APPROACHABLE_CONCURRENCY = YES;
				SWIFT_EMIT_LOC_STRINGS = NO;
				SWIFT_UPCOMING_FEATURE_MEMBER_IMPORT_VISIBILITY = YES;
				SWIFT_VERSION = 5.0;
				TEST_HOST = "$(BUILT_PRODUCTS_DIR)/MagicMountBackground.app/$(BUNDLE_EXECUTABLE_FOLDER_PATH)/MagicMountBackground";
			};
			name = Release;
		};
		4829960F2EFC63D0003AB633 /* Debug */ = {
			isa = XCBuildConfiguration;
			buildSettings = {
				ALWAYS_SEARCH_USER_PATHS = NO;
				ASSETCATALOG_COMPILER_GENERATE_SWIFT_ASSET_SYMBOL_EXTENSIONS = YES;
				CLANG_ANALYZER_NONNULL = YES;
				CLANG_ANALYZER_NUMBER_OBJECT_CONVERSION = YES_AGGRESSIVE;
				CLANG_CXX_LANGUAGE_STANDARD = "gnu++20";
				CLANG_ENABLE_MODULES = YES;
				CLANG_ENABLE_OBJC_ARC = YES;
				CLANG_ENABLE_OBJC_WEAK = YES;
				CLANG_WARN_BLOCK_CAPTURE_AUTORELEASING = YES;
				CLANG_WARN_BOOL_CONVERSION = YES;
				CLANG_WARN_COMMA = YES;
				CLANG_WARN_CONSTANT_CONVERSION = YES;
				CLANG_WARN_DEPRECATED_OBJC_IMPLEMENTATIONS = YES;
				CLANG_WARN_DIRECT_OBJC_ISA_USAGE = YES_ERROR;
				CLANG_WARN_DOCUMENTATION_COMMENTS = YES;
				CLANG_WARN_EMPTY_BODY = YES;
				CLANG_WARN_ENUM_CONVERSION = YES;
				CLANG_WARN_INFINITE_RECURSION = YES;
				CLANG_WARN_INT_CONVERSION = YES;
				CLANG_WARN_NON_LITERAL_NULL_CONVERSION = YES;
				CLANG_WARN_OBJC_IMPLICIT_RETAIN_SELF = YES;
				CLANG_WARN_OBJC_LITERAL_CONVERSION = YES;
				CLANG_WARN_OBJC_ROOT_CLASS = YES_ERROR;
				CLANG_WARN_QUOTED_INCLUDE_IN_FRAMEWORK_HEADER = YES;
				CLANG_WARN_RANGE_LOOP_ANALYSIS = YES;
				CLANG_WARN_STRICT_PROTOTYPES = YES;
				CLANG_WARN_SUSPICIOUS_MOVE = YES;
				CLANG_WARN_UNGUARDED_AVAILABILITY = YES_AGGRESSIVE;
				CLANG_WARN_UNREACHABLE_CODE = YES;
				CLANG_WARN__DUPLICATE_METHOD_MATCH = YES;
				COPY_PHASE_STRIP = NO;
				DEBUG_INFORMATION_FORMAT = dwarf;
				DEVELOPMENT_TEAM = N2Z455V6H8;
				ENABLE_STRICT_OBJC_MSGSEND = YES;
				ENABLE_TESTABILITY = YES;
				ENABLE_USER_SCRIPT_SANDBOXING = YES;
				GCC_C_LANGUAGE_STANDARD = gnu17;
				GCC_DYNAMIC_NO_PIC = NO;
				GCC_NO_COMMON_BLOCKS = YES;
				GCC_OPTIMIZATION_LEVEL = 0;
				GCC_PREPROCESSOR_DEFINITIONS = (
					"DEBUG=1",
					"$(inherited)",
				);
				GCC_WARN_64_TO_32_BIT_CONVERSION = YES;
				GCC_WARN_ABOUT_RETURN_TYPE = YES_ERROR;
				GCC_WARN_UNDECLARED_SELECTOR = YES;
				GCC_WARN_UNINITIALIZED_AUTOS = YES_AGGRESSIVE;
				GCC_WARN_UNUSED_FUNCTION = YES;
				GCC_WARN_UNUSED_VARIABLE = YES;
				LOCALIZATION_PREFERS_STRING_CATALOGS = YES;
				MACOSX_DEPLOYMENT_TARGET = 26.2;
				MTL_ENABLE_DEBUG_INFO = INCLUDE_SOURCE;
				MTL_FAST_MATH = YES;
				ONLY_ACTIVE_ARCH = YES;
				SDKROOT = macosx;
				SWIFT_ACTIVE_COMPILATION_CONDITIONS = "DEBUG $(inherited)";
				SWIFT_OPTIMIZATION_LEVEL = "-Onone";
			};
			name = Debug;
		};
		482996102EFC63D0003AB633 /* Release */ = {
			isa = XCBuildConfiguration;
			buildSettings = {
				ALWAYS_SEARCH_USER_PATHS = NO;
				ASSETCATALOG_COMPILER_GENERATE_SWIFT_ASSET_SYMBOL_EXTENSIONS = YES;
				CLANG_ANALYZER_NONNULL = YES;
				CLANG_ANALYZER_NUMBER_OBJECT_CONVERSION = YES_AGGRESSIVE;
				CLANG_CXX_LANGUAGE_STANDARD = "gnu++20";
				CLANG_ENABLE_MODULES = YES;
				CLANG_ENABLE_OBJC_ARC = YES;
				CLANG_ENABLE_OBJC_WEAK = YES;
				CLANG_WARN_BLOCK_CAPTURE_AUTORELEASING = YES;
				CLANG_WARN_BOOL_CONVERSION = YES;
				CLANG_WARN_COMMA = YES;
				CLANG_WARN_CONSTANT_CONVERSION = YES;
				CLANG_WARN_DEPRECATED_OBJC_IMPLEMENTATIONS = YES;
				CLANG_WARN_DIRECT_OBJC_ISA_USAGE = YES_ERROR;
				CLANG_WARN_DOCUMENTATION_COMMENTS = YES;
				CLANG_WARN_EMPTY_BODY = YES;
				CLANG_WARN_ENUM_CONVERSION = YES;
				CLANG_WARN_INFINITE_RECURSION = YES;
				CLANG_WARN_INT_CONVERSION = YES;
				CLANG_WARN_NON_LITERAL_NULL_CONVERSION = YES;
				CLANG_WARN_OBJC_IMPLICIT_RETAIN_SELF = YES;
				CLANG_WARN_OBJC_LITERAL_CONVERSION = YES;
				CLANG_WARN_OBJC_ROOT_CLASS = YES_ERROR;
				CLANG_WARN_QUOTED_INCLUDE_IN_FRAMEWORK_HEADER = YES;
				CLANG_WARN_RANGE_LOOP_ANALYSIS = YES;
				CLANG_WARN_STRICT_PROTOTYPES = YES;
				CLANG_WARN_SUSPICIOUS_MOVE = YES;
				CLANG_WARN_UNGUARDED_AVAILABILITY = YES_AGGRESSIVE;
				CLANG_WARN_UNREACHABLE_CODE = YES;
				CLANG_WARN__DUPLICATE_METHOD_MATCH = YES;
				COPY_PHASE_STRIP = NO;
				DEBUG_INFORMATION_FORMAT = "dwarf-with-dsym";
				DEVELOPMENT_TEAM = N2Z455V6H8;
				ENABLE_NS_ASSERTIONS = NO;
				ENABLE_STRICT_OBJC_MSGSEND = YES;
				ENABLE_USER_SCRIPT_SANDBOXING = YES;
				GCC_C_LANGUAGE_STANDARD = gnu17;
				GCC_NO_COMMON_BLOCKS = YES;
				GCC_WARN_64_TO_32_BIT_CONVERSION = YES;
				GCC_WARN_ABOUT_RETURN_TYPE = YES_ERROR;
				GCC_WARN_UNDECLARED_SELECTOR = YES;
				GCC_WARN_UNINITIALIZED_AUTOS = YES_AGGRESSIVE;
				GCC_WARN_UNUSED_FUNCTION = YES;
				GCC_WARN_UNUSED_VARIABLE = YES;
				LOCALIZATION_PREFERS_STRING_CATALOGS = YES;
				MACOSX_DEPLOYMENT_TARGET = 26.2;
				MTL_ENABLE_DEBUG_INFO = NO;
				MTL_FAST_MATH = YES;
				SDKROOT = macosx;
				SWIFT_COMPILATION_MODE = wholemodule;
			};
			name = Release;
		};
		482996122EFC63D0003AB633 /* Debug */ = {
			isa = XCBuildConfiguration;
			buildSettings = {
				ASSETCATALOG_COMPILER_APPICON_NAME = AppIcon;
				ASSETCATALOG_COMPILER_GLOBAL_ACCENT_COLOR_NAME = AccentColor;
				CODE_SIGN_ENTITLEMENTS = MagicMount/MagicMount.entitlements;
				CODE_SIGN_STYLE = Automatic;
				COMBINE_HIDPI_IMAGES = YES;
				CURRENT_PROJECT_VERSION = 1;
				DEVELOPMENT_TEAM = N2Z455V6H8;
				ENABLE_APP_SANDBOX = NO;
				ENABLE_HARDENED_RUNTIME = YES;
				ENABLE_PREVIEWS = YES;
				GENERATE_INFOPLIST_FILE = YES;
				INFOPLIST_KEY_NSHumanReadableCopyright = "";
				LD_RUNPATH_SEARCH_PATHS = (
					"$(inherited)",
					"@executable_path/../Frameworks",
				);
				MACOSX_DEPLOYMENT_TARGET = 14.6;
				MARKETING_VERSION = 1.0;
				PRODUCT_BUNDLE_IDENTIFIER = org.tassinari.MagicMount;
				PRODUCT_NAME = "$(TARGET_NAME)";
				REGISTER_APP_GROUPS = YES;
				STRING_CATALOG_GENERATE_SYMBOLS = YES;
				SWIFT_APPROACHABLE_CONCURRENCY = YES;
				SWIFT_DEFAULT_ACTOR_ISOLATION = MainActor;
				SWIFT_EMIT_LOC_STRINGS = YES;
				SWIFT_UPCOMING_FEATURE_MEMBER_IMPORT_VISIBILITY = YES;
				SWIFT_VERSION = 5.0;
			};
			name = Debug;
		};
		482996132EFC63D0003AB633 /* Release */ = {
			isa = XCBuildConfiguration;
			buildSettings = {
				ASSETCATALOG_COMPILER_APPICON_NAME = AppIcon;
				ASSETCATALOG_COMPILER_GLOBAL_ACCENT_COLOR_NAME = AccentColor;
				CODE_SIGN_ENTITLEMENTS = MagicMount/MagicMount.entitlements;
				CODE_SIGN_STYLE = Automatic;
				COMBINE_HIDPI_IMAGES = YES;
				CURRENT_PROJECT_VERSION = 1;
				DEVELOPMENT_TEAM = N2Z455V6H8;
				ENABLE_APP_SANDBOX = NO;
				ENABLE_HARDENED_RUNTIME = YES;
				ENABLE_PREVIEWS = YES;
				GENERATE_INFOPLIST_FILE = YES;
				INFOPLIST_KEY_NSHumanReadableCopyright = "";
				LD_RUNPATH_SEARCH_PATHS = (
					"$(inherited)",
					"@executable_path/../Frameworks",
				);
				MACOSX_DEPLOYMENT_TARGET = 14.6;
				MARKETING_VERSION = 1.0;
				PRODUCT_BUNDLE_IDENTIFIER = org.tassinari.MagicMount;
				PRODUCT_NAME = "$(TARGET_NAME)";
				REGISTER_APP_GROUPS = YES;
				STRING_CATALOG_GENERATE_SYMBOLS = YES;
				SWIFT_APPROACHABLE_CONCURRENCY = YES;
				SWIFT_DEFAULT_ACTOR_ISOLATION = MainActor;
				SWIFT_EMIT_LOC_STRINGS = YES;
				SWIFT_UPCOMING_FEATURE_MEMBER_IMPORT_VISIBILITY = YES;
				SWIFT_VERSION = 5.0;
			};
			name = Release;
		};
		482996152EFC63D0003AB633 /* Debug */ = {
			isa = XCBuildConfiguration;
			buildSettings = {
				BUNDLE_LOADER = "$(TEST_HOST)";
				CODE_SIGN_STYLE = Automatic;
				CURRENT_PROJECT_VERSION = 1;
				DEVELOPMENT_TEAM = N2Z455V6H8;
				GENERATE_INFOPLIST_FILE = YES;
				MACOSX_DEPLOYMENT_TARGET = 26.2;
				MARKETING_VERSION = 1.0;
				PRODUCT_BUNDLE_IDENTIFIER = org.tassinari.MagicMountTests;
				PRODUCT_NAME = "$(TARGET_NAME)";
				STRING_CATALOG_GENERATE_SYMBOLS = NO;
				SWIFT_APPROACHABLE_CONCURRENCY = YES;
				SWIFT_EMIT_LOC_STRINGS = NO;
				SWIFT_UPCOMING_FEATURE_MEMBER_IMPORT_VISIBILITY = YES;
				SWIFT_VERSION = 5.0;
				TEST_HOST = "$(BUILT_PRODUCTS_DIR)/MagicMount.app/$(BUNDLE_EXECUTABLE_FOLDER_PATH)/MagicMount";
			};
			name = Debug;
		};
		482996162EFC63D0003AB633 /* Release */ = {
			isa = XCBuildConfiguration;
			buildSettings = {
				BUNDLE_LOADER = "$(TEST_HOST)";
				CODE_SIGN_STYLE = Automatic;
				CURRENT_PROJECT_VERSION = 1;
				DEVELOPMENT_TEAM = N2Z455V6H8;
				GENERATE_INFOPLIST_FILE = YES;
				MACOSX_DEPLOYMENT_TARGET = 26.2;
				MARKETING_VERSION = 1.0;
				PRODUCT_BUNDLE_IDENTIFIER = org.tassinari.MagicMountTests;
				PRODUCT_NAME = "$(TARGET_NAME)";
				STRING_CATALOG_GENERATE_SYMBOLS = NO;
				SWIFT_APPROACHABLE_CONCURRENCY = YES;
				SWIFT_EMIT_LOC_STRINGS = NO;
				SWIFT_UPCOMING_FEATURE_MEMBER_IMPORT_VISIBILITY = YES;
				SWIFT_VERSION = 5.0;
				TEST_HOST = "$(BUILT_PRODUCTS_DIR)/MagicMount.app/$(BUNDLE_EXECUTABLE_FOLDER_PATH)/MagicMount";
			};
			name = Release;
		};
		482996182EFC63D0003AB633 /* Debug */ = {
			isa = XCBuildConfiguration;
			buildSettings = {
				CODE_SIGN_STYLE = Automatic;
				CURRENT_PROJECT_VERSION = 1;
				DEVELOPMENT_TEAM = N2Z455V6H8;
				GENERATE_INFOPLIST_FILE = YES;
				MARKETING_VERSION = 1.0;
				PRODUCT_BUNDLE_IDENTIFIER = org.tassinari.MagicMountUITests;
				PRODUCT_NAME = "$(TARGET_NAME)";
				STRING_CATALOG_GENERATE_SYMBOLS = NO;
				SWIFT_APPROACHABLE_CONCURRENCY = YES;
				SWIFT_EMIT_LOC_STRINGS = NO;
				SWIFT_UPCOMING_FEATURE_MEMBER_IMPORT_VISIBILITY = YES;
				SWIFT_VERSION = 5.0;
				TEST_TARGET_NAME = MagicMount;
			};
			name = Debug;
		};
		482996192EFC63D0003AB633 /* Release */ = {
			isa = XCBuildConfiguration;
			buildSettings = {
				CODE_SIGN_STYLE = Automatic;
				CURRENT_PROJECT_VERSION = 1;
				DEVELOPMENT_TEAM = N2Z455V6H8;
				GENERATE_INFOPLIST_FILE = YES;
				MARKETING_VERSION = 1.0;
				PRODUCT_BUNDLE_IDENTIFIER = org.tassinari.MagicMountUITests;
				PRODUCT_NAME = "$(TARGET_NAME)";
				STRING_CATALOG_GENERATE_SYMBOLS = NO;
				SWIFT_APPROACHABLE_CONCURRENCY = YES;
				SWIFT_EMIT_LOC_STRINGS = NO;
				SWIFT_UPCOMING_FEATURE_MEMBER_IMPORT_VISIBILITY = YES;
				SWIFT_VERSION = 5.0;
				TEST_TARGET_NAME = MagicMount;
			};
			name = Release;
		};
		487A91E12F006F270095BDA6 /* Debug */ = {
			isa = XCBuildConfiguration;
			buildSettings = {
				ASSETCATALOG_COMPILER_APPICON_NAME = AppIcon;
				ASSETCATALOG_COMPILER_GLOBAL_ACCENT_COLOR_NAME = AccentColor;
				CODE_SIGN_ENTITLEMENTS = MagicMountBackground/MagicMountBackground.entitlements;
				CODE_SIGN_STYLE = Automatic;
				COMBINE_HIDPI_IMAGES = YES;
				CURRENT_PROJECT_VERSION = 1;
				DEVELOPMENT_TEAM = N2Z455V6H8;
				ENABLE_APP_SANDBOX = NO;
				ENABLE_HARDENED_RUNTIME = YES;
				ENABLE_PREVIEWS = YES;
				GENERATE_INFOPLIST_FILE = YES;
				INFOPLIST_KEY_LSBackgroundOnly = YES;
				INFOPLIST_KEY_NSHumanReadableCopyright = "";
				LD_RUNPATH_SEARCH_PATHS = (
					"$(inherited)",
					"@executable_path/../Frameworks",
				);
				MACOSX_DEPLOYMENT_TARGET = 14.6;
				MARKETING_VERSION = 1.0;
				PRODUCT_BUNDLE_IDENTIFIER = org.tassinari.MagicMount.MagicMountBackground;
				PRODUCT_NAME = "$(TARGET_NAME)";
				REGISTER_APP_GROUPS = YES;
				SKIP_INSTALL = YES;
				STRING_CATALOG_GENERATE_SYMBOLS = YES;
				SWIFT_APPROACHABLE_CONCURRENCY = YES;
				SWIFT_DEFAULT_ACTOR_ISOLATION = MainActor;
				SWIFT_EMIT_LOC_STRINGS = YES;
				SWIFT_UPCOMING_FEATURE_MEMBER_IMPORT_VISIBILITY = YES;
				SWIFT_VERSION = 5.0;
			};
			name = Debug;
		};
		487A91E22F006F270095BDA6 /* Release */ = {
			isa = XCBuildConfiguration;
			buildSettings = {
				ASSETCATALOG_COMPILER_APPICON_NAME = AppIcon;
				ASSETCATALOG_COMPILER_GLOBAL_ACCENT_COLOR_NAME = AccentColor;
				CODE_SIGN_ENTITLEMENTS = MagicMountBackground/MagicMountBackground.entitlements;
				CODE_SIGN_STYLE = Automatic;
				COMBINE_HIDPI_IMAGES = YES;
				CURRENT_PROJECT_VERSION = 1;
				DEVELOPMENT_TEAM = N2Z455V6H8;
				ENABLE_APP_SANDBOX = NO;
				ENABLE_HARDENED_RUNTIME = YES;
				ENABLE_PREVIEWS = YES;
				GENERATE_INFOPLIST_FILE = YES;
				INFOPLIST_KEY_LSBackgroundOnly = YES;
				INFOPLIST_KEY_NSHumanReadableCopyright = "";
				LD_RUNPATH_SEARCH_PATHS = (
					"$(inherited)",
					"@executable_path/../Frameworks",
				);
				MACOSX_DEPLOYMENT_TARGET = 14.6;
				MARKETING_VERSION = 1.0;
				PRODUCT_BUNDLE_IDENTIFIER = org.tassinari.MagicMount.MagicMountBackground;
				PRODUCT_NAME = "$(TARGET_NAME)";
				REGISTER_APP_GROUPS = YES;
				SKIP_INSTALL = YES;
				STRING_CATALOG_GENERATE_SYMBOLS = YES;
				SWIFT_APPROACHABLE_CONCURRENCY = YES;
				SWIFT_DEFAULT_ACTOR_ISOLATION = MainActor;
				SWIFT_EMIT_LOC_STRINGS = YES;
				SWIFT_UPCOMING_FEATURE_MEMBER_IMPORT_VISIBILITY = YES;
				SWIFT_VERSION = 5.0;
			};
			name = Release;
		};
/* End XCBuildConfiguration section */

/* Begin XCConfigurationList section */
		480BDC062F3DEBF600147963 /* Build configuration list for PBXNativeTarget "MagicMountBackgroundTests" */ = {
			isa = XCConfigurationList;
			buildConfigurations = (
				480BDC072F3DEBF600147963 /* Debug */,
				480BDC082F3DEBF600147963 /* Release */,
			);
			defaultConfigurationIsVisible = 0;
			defaultConfigurationName = Release;
		};
		482995EB2EFC63CF003AB633 /* Build configuration list for PBXProject "MagicMount" */ = {
			isa = XCConfigurationList;
			buildConfigurations = (
				4829960F2EFC63D0003AB633 /* Debug */,
				482996102EFC63D0003AB633 /* Release */,
			);
			defaultConfigurationIsVisible = 0;
			defaultConfigurationName = Release;
		};
		482996112EFC63D0003AB633 /* Build configuration list for PBXNativeTarget "MagicMount" */ = {
			isa = XCConfigurationList;
			buildConfigurations = (
				482996122EFC63D0003AB633 /* Debug */,
				482996132EFC63D0003AB633 /* Release */,
			);
			defaultConfigurationIsVisible = 0;
			defaultConfigurationName = Release;
		};
		482996142EFC63D0003AB633 /* Build configuration list for PBXNativeTarget "MagicMountTests" */ = {
			isa = XCConfigurationList;
			buildConfigurations = (
				482996152EFC63D0003AB633 /* Debug */,
				482996162EFC63D0003AB633 /* Release */,
			);
			defaultConfigurationIsVisible = 0;
			defaultConfigurationName = Release;
		};
		482996172EFC63D0003AB633 /* Build configuration list for PBXNativeTarget "MagicMountUITests" */ = {
			isa = XCConfigurationList;
			buildConfigurations = (
				482996182EFC63D0003AB633 /* Debug */,
				482996192EFC63D0003AB633 /* Release */,
			);
			defaultConfigurationIsVisible = 0;
			defaultConfigurationName = Release;
		};
		487A91E32F006F270095BDA6 /* Build configuration list for PBXNativeTarget "MagicMountBackground" */ = {
			isa = XCConfigurationList;
			buildConfigurations = (
				487A91E12F006F270095BDA6 /* Debug */,
				487A91E22F006F270095BDA6 /* Release */,
			);
			defaultConfigurationIsVisible = 0;
			defaultConfigurationName = Release;
		};
/* End XCConfigurationList section */

/* Begin XCLocalSwiftPackageReference section */
		488F8BFE2F1EC0B9004E8664 /* XCLocalSwiftPackageReference "../Mounter" */ = {
			isa = XCLocalSwiftPackageReference;
			relativePath = ../Mounter;
		};
/* End XCLocalSwiftPackageReference section */

/* Begin XCSwiftPackageProductDependency section */
		488F8C012F1EC111004E8664 /* libMounter */ = {
			isa = XCSwiftPackageProductDependency;
			package = 488F8BFE2F1EC0B9004E8664 /* XCLocalSwiftPackageReference "../Mounter" */;
			productName = libMounter;
		};
		488F8C032F1EC118004E8664 /* libMounter */ = {
			isa = XCSwiftPackageProductDependency;
			package = 488F8BFE2F1EC0B9004E8664 /* XCLocalSwiftPackageReference "../Mounter" */;
			productName = libMounter;
		};
/* End XCSwiftPackageProductDependency section */
	};
	rootObject = 482995E82EFC63CF003AB633 /* Project object */;
}
